// !$*UTF8*$!
{
	archiveVersion = 1;
	classes = {
	};
	objectVersion = 56;
	objects = {

/* Begin PBXBuildFile section */
		A0DD7AF92AA5481F00F94AB1 /* ToDoListApp.swift in Sources */ = {isa = PBXBuildFile; fileRef = A0DD7AF82AA5481F00F94AB1 /* ToDoListApp.swift */; };
		A0DD7AFB2AA5481F00F94AB1 /* MainView.swift in Sources */ = {isa = PBXBuildFile; fileRef = A0DD7AFA2AA5481F00F94AB1 /* MainView.swift */; };
		A0DD7AFD2AA5482000F94AB1 /* Assets.xcassets in Resources */ = {isa = PBXBuildFile; fileRef = A0DD7AFC2AA5482000F94AB1 /* Assets.xcassets */; };
		A0DD7B002AA5482000F94AB1 /* Preview Assets.xcassets in Resources */ = {isa = PBXBuildFile; fileRef = A0DD7AFF2AA5482000F94AB1 /* Preview Assets.xcassets */; };
		A0DD7B082AA5499E00F94AB1 /* FirebaseAuth in Frameworks */ = {isa = PBXBuildFile; productRef = A0DD7B072AA5499E00F94AB1 /* FirebaseAuth */; };
		A0DD7B0A2AA5499E00F94AB1 /* FirebaseFirestore in Frameworks */ = {isa = PBXBuildFile; productRef = A0DD7B092AA5499E00F94AB1 /* FirebaseFirestore */; };
		A0DD7B0C2AA5499E00F94AB1 /* FirebaseFirestoreSwift in Frameworks */ = {isa = PBXBuildFile; productRef = A0DD7B0B2AA5499E00F94AB1 /* FirebaseFirestoreSwift */; };
		A0DD7B0E2AA54AE200F94AB1 /* GoogleService-Info.plist in Resources */ = {isa = PBXBuildFile; fileRef = A0DD7B0D2AA54AE200F94AB1 /* GoogleService-Info.plist */; };
		A0DD7B142AA54D8B00F94AB1 /* ProfileView.swift in Sources */ = {isa = PBXBuildFile; fileRef = A0DD7B132AA54D8B00F94AB1 /* ProfileView.swift */; };
		A0DD7B162AA54D9800F94AB1 /* ToDoListView.swift in Sources */ = {isa = PBXBuildFile; fileRef = A0DD7B152AA54D9800F94AB1 /* ToDoListView.swift */; };
		A0DD7B182AA54DAA00F94AB1 /* NewItemView.swift in Sources */ = {isa = PBXBuildFile; fileRef = A0DD7B172AA54DAA00F94AB1 /* NewItemView.swift */; };
		A0DD7B1A2AA54DB500F94AB1 /* LoginView.swift in Sources */ = {isa = PBXBuildFile; fileRef = A0DD7B192AA54DB500F94AB1 /* LoginView.swift */; };
		A0DD7B1C2AA54DBD00F94AB1 /* RegisterView.swift in Sources */ = {isa = PBXBuildFile; fileRef = A0DD7B1B2AA54DBD00F94AB1 /* RegisterView.swift */; };
		A0DD7B1E2AA54DE800F94AB1 /* ToDoListItemView.swift in Sources */ = {isa = PBXBuildFile; fileRef = A0DD7B1D2AA54DE800F94AB1 /* ToDoListItemView.swift */; };
		A0DD7B202AA54E3900F94AB1 /* User.swift in Sources */ = {isa = PBXBuildFile; fileRef = A0DD7B1F2AA54E3900F94AB1 /* User.swift */; };
		A0DD7B222AA54E4800F94AB1 /* ToDoListItem.swift in Sources */ = {isa = PBXBuildFile; fileRef = A0DD7B212AA54E4800F94AB1 /* ToDoListItem.swift */; };
		A0DD7B242AA54E6500F94AB1 /* MainViewViewModel.swift in Sources */ = {isa = PBXBuildFile; fileRef = A0DD7B232AA54E6500F94AB1 /* MainViewViewModel.swift */; };
		A0DD7B262AA54E6E00F94AB1 /* ProfileViewViewModel.swift in Sources */ = {isa = PBXBuildFile; fileRef = A0DD7B252AA54E6E00F94AB1 /* ProfileViewViewModel.swift */; };
		A0DD7B282AA54E7F00F94AB1 /* ToDoListViewViewModel.swift in Sources */ = {isa = PBXBuildFile; fileRef = A0DD7B272AA54E7F00F94AB1 /* ToDoListViewViewModel.swift */; };
		A0DD7B2A2AA54E8B00F94AB1 /* NewItemViewViewModel.swift in Sources */ = {isa = PBXBuildFile; fileRef = A0DD7B292AA54E8B00F94AB1 /* NewItemViewViewModel.swift */; };
		A0DD7B2C2AA54E9200F94AB1 /* LoginViewViewModel.swift in Sources */ = {isa = PBXBuildFile; fileRef = A0DD7B2B2AA54E9200F94AB1 /* LoginViewViewModel.swift */; };
		A0DD7B2E2AA54E9900F94AB1 /* RegisterViewViewModel.swift in Sources */ = {isa = PBXBuildFile; fileRef = A0DD7B2D2AA54E9900F94AB1 /* RegisterViewViewModel.swift */; };
		A0DD7B302AA54EA000F94AB1 /* ToDoListItemViewViewModel.swift in Sources */ = {isa = PBXBuildFile; fileRef = A0DD7B2F2AA54EA000F94AB1 /* ToDoListItemViewViewModel.swift */; };
		A0DD7B342AA552EA00F94AB1 /* HeaderView.swift in Sources */ = {isa = PBXBuildFile; fileRef = A0DD7B332AA552EA00F94AB1 /* HeaderView.swift */; };
		A0DD7B362AA5605400F94AB1 /* TLButtonView.swift in Sources */ = {isa = PBXBuildFile; fileRef = A0DD7B352AA5605400F94AB1 /* TLButtonView.swift */; };
/* End PBXBuildFile section */

/* Begin PBXFileReference section */
		A0DD7AF52AA5481F00F94AB1 /* ToDoList.app */ = {isa = PBXFileReference; explicitFileType = wrapper.application; includeInIndex = 0; path = ToDoList.app; sourceTree = BUILT_PRODUCTS_DIR; };
		A0DD7AF82AA5481F00F94AB1 /* ToDoListApp.swift */ = {isa = PBXFileReference; lastKnownFileType = sourcecode.swift; path = ToDoListApp.swift; sourceTree = "<group>"; };
		A0DD7AFA2AA5481F00F94AB1 /* MainView.swift */ = {isa = PBXFileReference; lastKnownFileType = sourcecode.swift; path = MainView.swift; sourceTree = "<group>"; };
		A0DD7AFC2AA5482000F94AB1 /* Assets.xcassets */ = {isa = PBXFileReference; lastKnownFileType = folder.assetcatalog; path = Assets.xcassets; sourceTree = "<group>"; };
		A0DD7AFF2AA5482000F94AB1 /* Preview Assets.xcassets */ = {isa = PBXFileReference; lastKnownFileType = folder.assetcatalog; path = "Preview Assets.xcassets"; sourceTree = "<group>"; };
		A0DD7B0D2AA54AE200F94AB1 /* GoogleService-Info.plist */ = {isa = PBXFileReference; fileEncoding = 4; lastKnownFileType = text.plist.xml; path = "GoogleService-Info.plist"; sourceTree = "<group>"; };
		A0DD7B132AA54D8B00F94AB1 /* ProfileView.swift */ = {isa = PBXFileReference; lastKnownFileType = sourcecode.swift; path = ProfileView.swift; sourceTree = "<group>"; };
		A0DD7B152AA54D9800F94AB1 /* ToDoListView.swift */ = {isa = PBXFileReference; lastKnownFileType = sourcecode.swift; path = ToDoListView.swift; sourceTree = "<group>"; };
		A0DD7B172AA54DAA00F94AB1 /* NewItemView.swift */ = {isa = PBXFileReference; lastKnownFileType = sourcecode.swift; path = NewItemView.swift; sourceTree = "<group>"; };
		A0DD7B192AA54DB500F94AB1 /* LoginView.swift */ = {isa = PBXFileReference; lastKnownFileType = sourcecode.swift; path = LoginView.swift; sourceTree = "<group>"; };
		A0DD7B1B2AA54DBD00F94AB1 /* RegisterView.swift */ = {isa = PBXFileReference; lastKnownFileType = sourcecode.swift; path = RegisterView.swift; sourceTree = "<group>"; };
		A0DD7B1D2AA54DE800F94AB1 /* ToDoListItemView.swift */ = {isa = PBXFileReference; lastKnownFileType = sourcecode.swift; path = ToDoListItemView.swift; sourceTree = "<group>"; };
		A0DD7B1F2AA54E3900F94AB1 /* User.swift */ = {isa = PBXFileReference; lastKnownFileType = sourcecode.swift; path = User.swift; sourceTree = "<group>"; };
		A0DD7B212AA54E4800F94AB1 /* ToDoListItem.swift */ = {isa = PBXFileReference; lastKnownFileType = sourcecode.swift; path = ToDoListItem.swift; sourceTree = "<group>"; };
		A0DD7B232AA54E6500F94AB1 /* MainViewViewModel.swift */ = {isa = PBXFileReference; lastKnownFileType = sourcecode.swift; path = MainViewViewModel.swift; sourceTree = "<group>"; };
		A0DD7B252AA54E6E00F94AB1 /* ProfileViewViewModel.swift */ = {isa = PBXFileReference; lastKnownFileType = sourcecode.swift; path = ProfileViewViewModel.swift; sourceTree = "<group>"; };
		A0DD7B272AA54E7F00F94AB1 /* ToDoListViewViewModel.swift */ = {isa = PBXFileReference; lastKnownFileType = sourcecode.swift; path = ToDoListViewViewModel.swift; sourceTree = "<group>"; };
		A0DD7B292AA54E8B00F94AB1 /* NewItemViewViewModel.swift */ = {isa = PBXFileReference; lastKnownFileType = sourcecode.swift; path = NewItemViewViewModel.swift; sourceTree = "<group>"; };
		A0DD7B2B2AA54E9200F94AB1 /* LoginViewViewModel.swift */ = {isa = PBXFileReference; lastKnownFileType = sourcecode.swift; path = LoginViewViewModel.swift; sourceTree = "<group>"; };
		A0DD7B2D2AA54E9900F94AB1 /* RegisterViewViewModel.swift */ = {isa = PBXFileReference; lastKnownFileType = sourcecode.swift; path = RegisterViewViewModel.swift; sourceTree = "<group>"; };
		A0DD7B2F2AA54EA000F94AB1 /* ToDoListItemViewViewModel.swift */ = {isa = PBXFileReference; lastKnownFileType = sourcecode.swift; path = ToDoListItemViewViewModel.swift; sourceTree = "<group>"; };
		A0DD7B332AA552EA00F94AB1 /* HeaderView.swift */ = {isa = PBXFileReference; lastKnownFileType = sourcecode.swift; path = HeaderView.swift; sourceTree = "<group>"; };
		A0DD7B352AA5605400F94AB1 /* TLButtonView.swift */ = {isa = PBXFileReference; lastKnownFileType = sourcecode.swift; path = TLButtonView.swift; sourceTree = "<group>"; };
/* End PBXFileReference section */

/* Begin PBXFrameworksBuildPhase section */
		A0DD7AF22AA5481F00F94AB1 /* Frameworks */ = {
			isa = PBXFrameworksBuildPhase;
			buildActionMask = 2147483647;
			files = (
				A0DD7B082AA5499E00F94AB1 /* FirebaseAuth in Frameworks */,
				A0DD7B0A2AA5499E00F94AB1 /* FirebaseFirestore in Frameworks */,
				A0DD7B0C2AA5499E00F94AB1 /* FirebaseFirestoreSwift in Frameworks */,
			);
			runOnlyForDeploymentPostprocessing = 0;
		};
/* End PBXFrameworksBuildPhase section */

/* Begin PBXGroup section */
		A0DD7AEC2AA5481F00F94AB1 = {
			isa = PBXGroup;
			children = (
				A0DD7AF72AA5481F00F94AB1 /* ToDoList */,
				A0DD7AF62AA5481F00F94AB1 /* Products */,
			);
			sourceTree = "<group>";
		};
		A0DD7AF62AA5481F00F94AB1 /* Products */ = {
			isa = PBXGroup;
			children = (
				A0DD7AF52AA5481F00F94AB1 /* ToDoList.app */,
			);
			name = Products;
			sourceTree = "<group>";
		};
		A0DD7AF72AA5481F00F94AB1 /* ToDoList */ = {
			isa = PBXGroup;
			children = (
				A0DD7B122AA54C7900F94AB1 /* Other */,
				A0DD7B112AA54C6500F94AB1 /* Models */,
				A0DD7B102AA54C5B00F94AB1 /* ViewModels */,
				A0DD7B0F2AA54C4E00F94AB1 /* Views */,
				A0DD7AFE2AA5482000F94AB1 /* Preview Content */,
			);
			path = ToDoList;
			sourceTree = "<group>";
		};
		A0DD7AFE2AA5482000F94AB1 /* Preview Content */ = {
			isa = PBXGroup;
			children = (
				A0DD7AFF2AA5482000F94AB1 /* Preview Assets.xcassets */,
			);
			path = "Preview Content";
			sourceTree = "<group>";
		};
		A0DD7B0F2AA54C4E00F94AB1 /* Views */ = {
			isa = PBXGroup;
			children = (
				A0DD7AFA2AA5481F00F94AB1 /* MainView.swift */,
				A0DD7B132AA54D8B00F94AB1 /* ProfileView.swift */,
				A0DD7B152AA54D9800F94AB1 /* ToDoListView.swift */,
				A0DD7B172AA54DAA00F94AB1 /* NewItemView.swift */,
				A0DD7B192AA54DB500F94AB1 /* LoginView.swift */,
				A0DD7B332AA552EA00F94AB1 /* HeaderView.swift */,
				A0DD7B1B2AA54DBD00F94AB1 /* RegisterView.swift */,
				A0DD7B1D2AA54DE800F94AB1 /* ToDoListItemView.swift */,
				A0DD7B352AA5605400F94AB1 /* TLButtonView.swift */,
			);
			path = Views;
			sourceTree = "<group>";
		};
		A0DD7B102AA54C5B00F94AB1 /* ViewModels */ = {
			isa = PBXGroup;
			children = (
				A0DD7B232AA54E6500F94AB1 /* MainViewViewModel.swift */,
				A0DD7B252AA54E6E00F94AB1 /* ProfileViewViewModel.swift */,
				A0DD7B272AA54E7F00F94AB1 /* ToDoListViewViewModel.swift */,
				A0DD7B292AA54E8B00F94AB1 /* NewItemViewViewModel.swift */,
				A0DD7B2B2AA54E9200F94AB1 /* LoginViewViewModel.swift */,
				A0DD7B2D2AA54E9900F94AB1 /* RegisterViewViewModel.swift */,
				A0DD7B2F2AA54EA000F94AB1 /* ToDoListItemViewViewModel.swift */,
			);
			path = ViewModels;
			sourceTree = "<group>";
		};
		A0DD7B112AA54C6500F94AB1 /* Models */ = {
			isa = PBXGroup;
			children = (
				A0DD7B1F2AA54E3900F94AB1 /* User.swift */,
				A0DD7B212AA54E4800F94AB1 /* ToDoListItem.swift */,
			);
			path = Models;
			sourceTree = "<group>";
		};
		A0DD7B122AA54C7900F94AB1 /* Other */ = {
			isa = PBXGroup;
			children = (
				A0DD7B0D2AA54AE200F94AB1 /* GoogleService-Info.plist */,
				A0DD7AF82AA5481F00F94AB1 /* ToDoListApp.swift */,
				A0DD7AFC2AA5482000F94AB1 /* Assets.xcassets */,
			);
			path = Other;
			sourceTree = "<group>";
		};
/* End PBXGroup section */

/* Begin PBXNativeTarget section */
		A0DD7AF42AA5481F00F94AB1 /* ToDoList */ = {
			isa = PBXNativeTarget;
			buildConfigurationList = A0DD7B032AA5482000F94AB1 /* Build configuration list for PBXNativeTarget "ToDoList" */;
			buildPhases = (
				A0DD7AF12AA5481F00F94AB1 /* Sources */,
				A0DD7AF22AA5481F00F94AB1 /* Frameworks */,
				A0DD7AF32AA5481F00F94AB1 /* Resources */,
			);
			buildRules = (
			);
			dependencies = (
			);
			name = ToDoList;
			packageProductDependencies = (
				A0DD7B072AA5499E00F94AB1 /* FirebaseAuth */,
				A0DD7B092AA5499E00F94AB1 /* FirebaseFirestore */,
				A0DD7B0B2AA5499E00F94AB1 /* FirebaseFirestoreSwift */,
			);
			productName = ToDoList;
			productReference = A0DD7AF52AA5481F00F94AB1 /* ToDoList.app */;
			productType = "com.apple.product-type.application";
		};
/* End PBXNativeTarget section */

/* Begin PBXProject section */
		A0DD7AED2AA5481F00F94AB1 /* Project object */ = {
			isa = PBXProject;
			attributes = {
				BuildIndependentTargetsInParallel = 1;
				LastSwiftUpdateCheck = 1430;
				LastUpgradeCheck = 1430;
				TargetAttributes = {
					A0DD7AF42AA5481F00F94AB1 = {
						CreatedOnToolsVersion = 14.3.1;
					};
				};
			};
			buildConfigurationList = A0DD7AF02AA5481F00F94AB1 /* Build configuration list for PBXProject "ToDoList" */;
			compatibilityVersion = "Xcode 14.0";
			developmentRegion = en;
			hasScannedForEncodings = 0;
			knownRegions = (
				en,
				Base,
			);
			mainGroup = A0DD7AEC2AA5481F00F94AB1;
			packageReferences = (
				A0DD7B062AA5499E00F94AB1 /* XCRemoteSwiftPackageReference "firebase-ios-sdk" */,
			);
			productRefGroup = A0DD7AF62AA5481F00F94AB1 /* Products */;
			projectDirPath = "";
			projectRoot = "";
			targets = (
				A0DD7AF42AA5481F00F94AB1 /* ToDoList */,
			);
		};
/* End PBXProject section */

/* Begin PBXResourcesBuildPhase section */
		A0DD7AF32AA5481F00F94AB1 /* Resources */ = {
			isa = PBXResourcesBuildPhase;
			buildActionMask = 2147483647;
			files = (
				A0DD7B002AA5482000F94AB1 /* Preview Assets.xcassets in Resources */,
				A0DD7AFD2AA5482000F94AB1 /* Assets.xcassets in Resources */,
				A0DD7B0E2AA54AE200F94AB1 /* GoogleService-Info.plist in Resources */,
			);
			runOnlyForDeploymentPostprocessing = 0;
		};
/* End PBXResourcesBuildPhase section */

/* Begin PBXSourcesBuildPhase section */
		A0DD7AF12AA5481F00F94AB1 /* Sources */ = {
			isa = PBXSourcesBuildPhase;
			buildActionMask = 2147483647;
			files = (
				A0DD7B1A2AA54DB500F94AB1 /* LoginView.swift in Sources */,
				A0DD7B342AA552EA00F94AB1 /* HeaderView.swift in Sources */,
				A0DD7AFB2AA5481F00F94AB1 /* MainView.swift in Sources */,
				A0DD7B2E2AA54E9900F94AB1 /* RegisterViewViewModel.swift in Sources */,
				A0DD7B242AA54E6500F94AB1 /* MainViewViewModel.swift in Sources */,
				A0DD7B162AA54D9800F94AB1 /* ToDoListView.swift in Sources */,
				A0DD7B362AA5605400F94AB1 /* TLButtonView.swift in Sources */,
				A0DD7B1C2AA54DBD00F94AB1 /* RegisterView.swift in Sources */,
				A0DD7B262AA54E6E00F94AB1 /* ProfileViewViewModel.swift in Sources */,
				A0DD7B142AA54D8B00F94AB1 /* ProfileView.swift in Sources */,
				A0DD7B202AA54E3900F94AB1 /* User.swift in Sources */,
				A0DD7B1E2AA54DE800F94AB1 /* ToDoListItemView.swift in Sources */,
				A0DD7B282AA54E7F00F94AB1 /* ToDoListViewViewModel.swift in Sources */,
				A0DD7B2C2AA54E9200F94AB1 /* LoginViewViewModel.swift in Sources */,
				A0DD7AF92AA5481F00F94AB1 /* ToDoListApp.swift in Sources */,
				A0DD7B222AA54E4800F94AB1 /* ToDoListItem.swift in Sources */,
				A0DD7B182AA54DAA00F94AB1 /* NewItemView.swift in Sources */,
				A0DD7B2A2AA54E8B00F94AB1 /* NewItemViewViewModel.swift in Sources */,
				A0DD7B302AA54EA000F94AB1 /* ToDoListItemViewViewModel.swift in Sources */,
			);
			runOnlyForDeploymentPostprocessing = 0;
		};
/* End PBXSourcesBuildPhase section */

/* Begin XCBuildConfiguration section */
		A0DD7B012AA5482000F94AB1 /* Debug */ = {
			isa = XCBuildConfiguration;
			buildSettings = {
				ALWAYS_SEARCH_USER_PATHS = NO;
				CLANG_ANALYZER_NONNULL = YES;
				CLANG_ANALYZER_NUMBER_OBJECT_CONVERSION = YES_AGGRESSIVE;
				CLANG_CXX_LANGUAGE_STANDARD = "gnu++20";
				CLANG_ENABLE_MODULES = YES;
				CLANG_ENABLE_OBJC_ARC = YES;
				CLANG_ENABLE_OBJC_WEAK = YES;
				CLANG_WARN_BLOCK_CAPTURE_AUTORELEASING = YES;
				CLANG_WARN_BOOL_CONVERSION = YES;
				CLANG_WARN_COMMA = YES;
				CLANG_WARN_CONSTANT_CONVERSION = YES;
				CLANG_WARN_DEPRECATED_OBJC_IMPLEMENTATIONS = YES;
				CLANG_WARN_DIRECT_OBJC_ISA_USAGE = YES_ERROR;
				CLANG_WARN_DOCUMENTATION_COMMENTS = YES;
				CLANG_WARN_EMPTY_BODY = YES;
				CLANG_WARN_ENUM_CONVERSION = YES;
				CLANG_WARN_INFINITE_RECURSION = YES;
				CLANG_WARN_INT_CONVERSION = YES;
				CLANG_WARN_NON_LITERAL_NULL_CONVERSION = YES;
				CLANG_WARN_OBJC_IMPLICIT_RETAIN_SELF = YES;
				CLANG_WARN_OBJC_LITERAL_CONVERSION = YES;
				CLANG_WARN_OBJC_ROOT_CLASS = YES_ERROR;
				CLANG_WARN_QUOTED_INCLUDE_IN_FRAMEWORK_HEADER = YES;
				CLANG_WARN_RANGE_LOOP_ANALYSIS = YES;
				CLANG_WARN_STRICT_PROTOTYPES = YES;
				CLANG_WARN_SUSPICIOUS_MOVE = YES;
				CLANG_WARN_UNGUARDED_AVAILABILITY = YES_AGGRESSIVE;
				CLANG_WARN_UNREACHABLE_CODE = YES;
				CLANG_WARN__DUPLICATE_METHOD_MATCH = YES;
				COPY_PHASE_STRIP = NO;
				DEBUG_INFORMATION_FORMAT = dwarf;
				ENABLE_STRICT_OBJC_MSGSEND = YES;
				ENABLE_TESTABILITY = YES;
				GCC_C_LANGUAGE_STANDARD = gnu11;
				GCC_DYNAMIC_NO_PIC = NO;
				GCC_NO_COMMON_BLOCKS = YES;
				GCC_OPTIMIZATION_LEVEL = 0;
				GCC_PREPROCESSOR_DEFINITIONS = (
					"DEBUG=1",
					"$(inherited)",
				);
				GCC_WARN_64_TO_32_BIT_CONVERSION = YES;
				GCC_WARN_ABOUT_RETURN_TYPE = YES_ERROR;
				GCC_WARN_UNDECLARED_SELECTOR = YES;
				GCC_WARN_UNINITIALIZED_AUTOS = YES_AGGRESSIVE;
				GCC_WARN_UNUSED_FUNCTION = YES;
				GCC_WARN_UNUSED_VARIABLE = YES;
				IPHONEOS_DEPLOYMENT_TARGET = 16.4;
				MTL_ENABLE_DEBUG_INFO = INCLUDE_SOURCE;
				MTL_FAST_MATH = YES;
				ONLY_ACTIVE_ARCH = YES;
				SDKROOT = iphoneos;
				SWIFT_ACTIVE_COMPILATION_CONDITIONS = DEBUG;
				SWIFT_OPTIMIZATION_LEVEL = "-Onone";
			};
			name = Debug;
		};
		A0DD7B022AA5482000F94AB1 /* Release */ = {
			isa = XCBuildConfiguration;
			buildSettings = {
				ALWAYS_SEARCH_USER_PATHS = NO;
				CLANG_ANALYZER_NONNULL = YES;
				CLANG_ANALYZER_NUMBER_OBJECT_CONVERSION = YES_AGGRESSIVE;
				CLANG_CXX_LANGUAGE_STANDARD = "gnu++20";
				CLANG_ENABLE_MODULES = YES;
				CLANG_ENABLE_OBJC_ARC = YES;
				CLANG_ENABLE_OBJC_WEAK = YES;
				CLANG_WARN_BLOCK_CAPTURE_AUTORELEASING = YES;
				CLANG_WARN_BOOL_CONVERSION = YES;
				CLANG_WARN_COMMA = YES;
				CLANG_WARN_CONSTANT_CONVERSION = YES;
				CLANG_WARN_DEPRECATED_OBJC_IMPLEMENTATIONS = YES;
				CLANG_WARN_DIRECT_OBJC_ISA_USAGE = YES_ERROR;
				CLANG_WARN_DOCUMENTATION_COMMENTS = YES;
				CLANG_WARN_EMPTY_BODY = YES;
				CLANG_WARN_ENUM_CONVERSION = YES;
				CLANG_WARN_INFINITE_RECURSION = YES;
				CLANG_WARN_INT_CONVERSION = YES;
				CLANG_WARN_NON_LITERAL_NULL_CONVERSION = YES;
				CLANG_WARN_OBJC_IMPLICIT_RETAIN_SELF = YES;
				CLANG_WARN_OBJC_LITERAL_CONVERSION = YES;
				CLANG_WARN_OBJC_ROOT_CLASS = YES_ERROR;
				CLANG_WARN_QUOTED_INCLUDE_IN_FRAMEWORK_HEADER = YES;
				CLANG_WARN_RANGE_LOOP_ANALYSIS = YES;
				CLANG_WARN_STRICT_PROTOTYPES = YES;
				CLANG_WARN_SUSPICIOUS_MOVE = YES;
				CLANG_WARN_UNGUARDED_AVAILABILITY = YES_AGGRESSIVE;
				CLANG_WARN_UNREACHABLE_CODE = YES;
				CLANG_WARN__DUPLICATE_METHOD_MATCH = YES;
				COPY_PHASE_STRIP = NO;
				DEBUG_INFORMATION_FORMAT = "dwarf-with-dsym";
				ENABLE_NS_ASSERTIONS = NO;
				ENABLE_STRICT_OBJC_MSGSEND = YES;
				GCC_C_LANGUAGE_STANDARD = gnu11;
				GCC_NO_COMMON_BLOCKS = YES;
				GCC_WARN_64_TO_32_BIT_CONVERSION = YES;
				GCC_WARN_ABOUT_RETURN_TYPE = YES_ERROR;
				GCC_WARN_UNDECLARED_SELECTOR = YES;
				GCC_WARN_UNINITIALIZED_AUTOS = YES_AGGRESSIVE;
				GCC_WARN_UNUSED_FUNCTION = YES;
				GCC_WARN_UNUSED_VARIABLE = YES;
				IPHONEOS_DEPLOYMENT_TARGET = 16.4;
				MTL_ENABLE_DEBUG_INFO = NO;
				MTL_FAST_MATH = YES;
				SDKROOT = iphoneos;
				SWIFT_COMPILATION_MODE = wholemodule;
				SWIFT_OPTIMIZATION_LEVEL = "-O";
				VALIDATE_PRODUCT = YES;
			};
			name = Release;
		};
		A0DD7B042AA5482000F94AB1 /* Debug */ = {
			isa = XCBuildConfiguration;
			buildSettings = {
				ASSETCATALOG_COMPILER_APPICON_NAME = AppIcon;
				ASSETCATALOG_COMPILER_GLOBAL_ACCENT_COLOR_NAME = AccentColor;
				CODE_SIGN_STYLE = Automatic;
				CURRENT_PROJECT_VERSION = 1;
				DEVELOPMENT_ASSET_PATHS = "\"ToDoList/Preview Content\"";
				ENABLE_PREVIEWS = YES;
				GENERATE_INFOPLIST_FILE = YES;
				INFOPLIST_KEY_CFBundleDisplayName = ToDoList;
				INFOPLIST_KEY_UIApplicationSceneManifest_Generation = YES;
				INFOPLIST_KEY_UIApplicationSupportsIndirectInputEvents = YES;
				INFOPLIST_KEY_UILaunchScreen_Generation = YES;
				INFOPLIST_KEY_UISupportedInterfaceOrientations = UIInterfaceOrientationPortrait;
				LD_RUNPATH_SEARCH_PATHS = (
					"$(inherited)",
					"@executable_path/Frameworks",
				);
				MARKETING_VERSION = 1.0;
				PRODUCT_BUNDLE_IDENTIFIER = XinyuQiu.ToDoList;
				PRODUCT_NAME = "$(TARGET_NAME)";
				SWIFT_EMIT_LOC_STRINGS = YES;
				SWIFT_VERSION = 5.0;
				TARGETED_DEVICE_FAMILY = "1,2";
			};
			name = Debug;
		};
		A0DD7B052AA5482000F94AB1 /* Release */ = {
			isa = XCBuildConfiguration;
			buildSettings = {
				ASSETCATALOG_COMPILER_APPICON_NAME = AppIcon;
				ASSETCATALOG_COMPILER_GLOBAL_ACCENT_COLOR_NAME = AccentColor;
				CODE_SIGN_STYLE = Automatic;
				CURRENT_PROJECT_VERSION = 1;
				DEVELOPMENT_ASSET_PATHS = "\"ToDoList/Preview Content\"";
				ENABLE_PREVIEWS = YES;
				GENERATE_INFOPLIST_FILE = YES;
				INFOPLIST_KEY_CFBundleDisplayName = ToDoList;
				INFOPLIST_KEY_UIApplicationSceneManifest_Generation = YES;
				INFOPLIST_KEY_UIApplicationSupportsIndirectInputEvents = YES;
				INFOPLIST_KEY_UILaunchScreen_Generation = YES;
				INFOPLIST_KEY_UISupportedInterfaceOrientations = UIInterfaceOrientationPortrait;
				LD_RUNPATH_SEARCH_PATHS = (
					"$(inherited)",
					"@executable_path/Frameworks",
				);
				MARKETING_VERSION = 1.0;
				PRODUCT_BUNDLE_IDENTIFIER = XinyuQiu.ToDoList;
				PRODUCT_NAME = "$(TARGET_NAME)";
				SWIFT_EMIT_LOC_STRINGS = YES;
				SWIFT_VERSION = 5.0;
				TARGETED_DEVICE_FAMILY = "1,2";
			};
			name = Release;
		};
/* End XCBuildConfiguration section */

/* Begin XCConfigurationList section */
		A0DD7AF02AA5481F00F94AB1 /* Build configuration list for PBXProject "ToDoList" */ = {
			isa = XCConfigurationList;
			buildConfigurations = (
				A0DD7B012AA5482000F94AB1 /* Debug */,
				A0DD7B022AA5482000F94AB1 /* Release */,
			);
			defaultConfigurationIsVisible = 0;
			defaultConfigurationName = Release;
		};
		A0DD7B032AA5482000F94AB1 /* Build configuration list for PBXNativeTarget "ToDoList" */ = {
			isa = XCConfigurationList;
			buildConfigurations = (
				A0DD7B042AA5482000F94AB1 /* Debug */,
				A0DD7B052AA5482000F94AB1 /* Release */,
			);
			defaultConfigurationIsVisible = 0;
			defaultConfigurationName = Release;
		};
/* End XCConfigurationList section */

/* Begin XCRemoteSwiftPackageReference section */
		A0DD7B062AA5499E00F94AB1 /* XCRemoteSwiftPackageReference "firebase-ios-sdk" */ = {
			isa = XCRemoteSwiftPackageReference;
			repositoryURL = "https://github.com/firebase/firebase-ios-sdk";
			requirement = {
				kind = upToNextMajorVersion;
				minimumVersion = 10.0.0;
			};
		};
/* End XCRemoteSwiftPackageReference section */

/* Begin XCSwiftPackageProductDependency section */
		A0DD7B072AA5499E00F94AB1 /* FirebaseAuth */ = {
			isa = XCSwiftPackageProductDependency;
			package = A0DD7B062AA5499E00F94AB1 /* XCRemoteSwiftPackageReference "firebase-ios-sdk" */;
			productName = FirebaseAuth;
		};
		A0DD7B092AA5499E00F94AB1 /* FirebaseFirestore */ = {
			isa = XCSwiftPackageProductDependency;
			package = A0DD7B062AA5499E00F94AB1 /* XCRemoteSwiftPackageReference "firebase-ios-sdk" */;
			productName = FirebaseFirestore;
		};
		A0DD7B0B2AA5499E00F94AB1 /* FirebaseFirestoreSwift */ = {
			isa = XCSwiftPackageProductDependency;
			package = A0DD7B062AA5499E00F94AB1 /* XCRemoteSwiftPackageReference "firebase-ios-sdk" */;
			productName = FirebaseFirestoreSwift;
		};
/* End XCSwiftPackageProductDependency section */
	};
	rootObject = A0DD7AED2AA5481F00F94AB1 /* Project object */;
}
